{
  "version": 1,
  "dependencies": {
    "net10.0-windows7.0": {
      "DalamudPackager": {
        "type": "Direct",
        "requested": "[15.0.0, )",
        "resolved": "15.0.0",
        "contentHash": "411vwC8/X8Z/sQ2TI6v3SvOn66xFPeOjFn3Zn+h0d3Ox2t1kFm66AhDvmx/qcMwVrR+Hidxj0dadpQ2dgyXMBQ=="
      },
      "DotNet.ReproducibleBuilds": {
        "type": "Direct",
        "requested": "[2.0.5, )",
        "resolved": "2.0.5",
        "contentHash": "8LrlvI1KpjjJ4VGSqZ16yoOCKlQnYS+Y8rYNifNrscmVh5anJcF9E4e0NiDP30BHBMUbkoJ5KdcxoRWM7Pz9Aw=="
      },
      "Microsoft.Windows.CsWin32": {
        "type": "Direct",
        "requested": "[0.3.321, )",
        "resolved": "0.3.321",
        "contentHash": "ZPEgbqjQiHiers1AW8nZjuikag1Tdmgh0VxowoFfSpU/RUAu9Q8nwbl2ahNo7XAbllPnyG15IKQo3DGfCxrD8A==",
        "dependencies": {
          "Microsoft.Windows.SDK.Win32Docs": "0.1.42-alpha",
          "Microsoft.Windows.SDK.Win32Metadata": "71.0.14-preview",
          "Microsoft.Windows.WDK.Win32Metadata": "0.13.25-experimental"
        }
      },
      "NAudio": {
        "type": "Direct",
        "requested": "[3.0.2-preview.1, )",
        "resolved": "3.0.2-preview.1",
        "contentHash": "wAih+SWBTFlWLdhSFbSD1Sqll70HWFmUa52LChiMPPpzkZRKeHz1SBmaYvWOSWlPfXn/tsCFpSKGWN9MdMcjDQ==",
        "dependencies": {
          "NAudio.Asio": "3.0.2-preview.1",
          "NAudio.Core": "3.0.2-preview.1",
          "NAudio.Dmo": "3.0.2-preview.1",
          "NAudio.Midi": "3.0.2-preview.1",
          "NAudio.Wasapi": "3.0.2-preview.1",
          "NAudio.WinForms": "3.0.2-preview.1",
          "NAudio.WinMM": "3.0.2-preview.1"
        }
      },
      "System.Speech": {
        "type": "Direct",
        "requested": "[11.0.0-preview.7.26381.103, )",
        "resolved": "11.0.0-preview.7.26381.103",
        "contentHash": "67XzcJGzpI/RVi9i27i+MCXMOvcl+S42YhL6KHbjv/exIXRW2WIVDSRwwBTU2Bchn7EqzDan5gxEo9JDi5OMgw=="
      },
      "Unscrambler.XIV": {
        "type": "Direct",
        "requested": "[7.55.2, )",
        "resolved": "7.55.2",
        "contentHash": "6RrL9TOFXwE1pryCMZa/ABBCGQrI6090OWyuzmsvF1Q54QUiM68P9KLMYzmz56tjNEEUvD7UIsne8eoXYBdxDw=="
      },
      "Microsoft.Extensions.ObjectPool": {
        "type": "Transitive",
        "resolved": "11.0.0-preview.7.26381.103",
        "contentHash": "k+eSnvDClZc4Bmy7jTGaePtd1Syfsu+WjeiUuTLZh/ZqWqzsx+g01z20sBR465DeDnboq5n1OV25jQETzKNRgQ=="
      },
      "Microsoft.Windows.SDK.Win32Docs": {
        "type": "Transitive",
        "resolved": "0.1.42-alpha",
        "contentHash": "Z/9po23gUA9aoukirh2ItMU2ZS9++Js9Gdds9fu5yuMojDrmArvY2y+tq9985tR3cxFxpZO1O35Wjfo0khj5HA=="
      },
      "Microsoft.Windows.SDK.Win32Metadata": {
        "type": "Transitive",
        "resolved": "71.0.14-preview",
        "contentHash": "39I8YpjHYJF7Qncztn6+cu15Ti35myn5QQnLZwN6AngBsfaU1l3Nsxvt2087AlExLxg5a/llFIRSeahK7GW/Dw=="
      },
      "Microsoft.Windows.WDK.Win32Metadata": {
        "type": "Transitive",
        "resolved": "0.13.25-experimental",
        "contentHash": "IM50tb/+UIwBr9FMr6ZKcZjCMW+Axo6NjGqKxgjUfyCY8dRnYUfrJEXxAaXoWtYP4X8EmASmC1Jtwh4XucseZg==",
        "dependencies": {
          "Microsoft.Windows.SDK.Win32Metadata": "63.0.31-preview"
        }
      },
      "NAudio.Asio": {
        "type": "Transitive",
        "resolved": "3.0.2-preview.1",
        "contentHash": "Lpw1MRWxemEFJLZQFzCvJj79za0f++Hc0zBaxgwhpxTF/yLCXea6MgL1foSAPZ8/IxOC/Bkl0JoZp6PpQeDCog==",
        "dependencies": {
          "NAudio.Core": "3.0.2-preview.1"
        }
      },
      "NAudio.Core": {
        "type": "Transitive",
        "resolved": "3.0.2-preview.1",
        "contentHash": "Cfea3tn6CyjqKSk0Bm47SCPvWDPZDCb32P+QahkqO2HoAQdnEcSdKCQF3Vhfl0LUCC/gdI2YYI1eWbD9x9/snQ==",
        "dependencies": {
          "System.Numerics.Tensors": "9.0.0"
        }
      },
      "NAudio.Dmo": {
        "type": "Transitive",
        "resolved": "3.0.2-preview.1",
        "contentHash": "0hB8kgf9sCI0gP8kGVQUC1xCIPFtD2s24ZoVJ+1QbWbtq+FD36ufdTLHj3R2EK4NuRd18zfDkxya16QXrwCVXA==",
        "dependencies": {
          "NAudio.Core": "3.0.2-preview.1"
        }
      },
      "NAudio.Midi": {
        "type": "Transitive",
        "resolved": "3.0.2-preview.1",
        "contentHash": "efyKl0/woHo3BnxM3QwS0vQ1Y5mqR7U0sFMvX/gpf2lzzaoDIphR5uB0B/m4Ldl2TQbZivU4DiD37u4jf4j/6w==",
        "dependencies": {
          "NAudio.Core": "3.0.2-preview.1"
        }
      },
      "NAudio.Wasapi": {
        "type": "Transitive",
        "resolved": "3.0.2-preview.1",
        "contentHash": "nLs2lelSQ3HxQZo5yAnrt58GaK1ibpi94JDO1dZBvJYIx55qubXLrALi1Ji0ha1Q+zNR9qWRmBsnN129nc3KfA==",
        "dependencies": {
          "NAudio.Core": "3.0.2-preview.1"
        }
      },
      "NAudio.WinForms": {
        "type": "Transitive",
        "resolved": "3.0.2-preview.1",
        "contentHash": "TOBWd9MeEMQdzV1ZQr+u0lZrpCJ4X4wHhdEH6fu5qLAma+256o/r4GsOhI7BJEloBROZNz5wbIU2Jhe5mXMoIA==",
        "dependencies": {
          "NAudio.WinMM": "3.0.2-preview.1"
        }
      },
      "NAudio.WinMM": {
        "type": "Transitive",
        "resolved": "3.0.2-preview.1",
        "contentHash": "f/wMdfL8+mz3VsLA+HSym1/Kp8O9R4OFJTp+1ELsGY3wIUB61DhjEoE9R28J3Yj3bdF5yZOeIdsWlBJvVA6dQQ==",
        "dependencies": {
          "NAudio.Core": "3.0.2-preview.1",
          "NAudio.Midi": "3.0.2-preview.1"
        }
      },
      "NetCoreServer": {
        "type": "Transitive",
        "resolved": "8.0.7",
        "contentHash": "BhNiJ6EVxKS1eKqlHINy7BruLDc+xCH59oZxu7d2Hve8CzFki69PumVlf6vyAQvIVfxbZiHw/FI3UHNnMajuVg=="
      },
      "System.Data.DataSetExtensions": {
        "type": "Transitive",
        "resolved": "4.6.0-preview3.19128.7",
        "contentHash": "ZFJYYi41Wf4xlFKuuRUblw8yThgzBTYeZTs7eGU7sDiu+X+BmeIdT3pstCrmLpDyflDIBuKX1VYmBCGKo14h6w=="
      },
      "System.Numerics.Tensors": {
        "type": "Transitive",
        "resolved": "9.0.0",
        "contentHash": "hyJB4UlpAi19Xr9AXzu2NuagKC4lPfHObNMEAA0HmqFz2rX7wKgzeYzO/jM/eBHDhnUGFFEjk5cOoJaxqg5J4A=="
      },
      "Advanced Combat Tracker": {
        "type": "Project"
      },
      "fetchdependencies": {
        "type": "Project"
      },
      "machina": {
        "type": "Project"
      },
      "machina.ffxiv": {
        "type": "Project",
        "dependencies": {
          "Machina": "[2.3.1.3, )"
        }
      },
      "overlayplugin.common": {
        "type": "Project",
        "dependencies": {
          "Advanced Combat Tracker": "[6.9.0, )",
          "System.Data.DataSetExtensions": "[4.6.0-preview3.19128.7, )"
        }
      },
      "overlayplugin.core": {
        "type": "Project",
        "dependencies": {
          "Machina": "[2.3.1.3, )",
          "Machina.FFXIV": "[2.4.5.5, )",
          "Microsoft.Extensions.ObjectPool": "[11.0.0-preview.7.26381.103, )",
          "NetCoreServer": "[8.0.7, )",
          "OverlayPlugin.Common": "[1.0.0, )",
          "System.Data.DataSetExtensions": "[4.6.0-preview3.19128.7, )"
        }
      }
    },
    "net10.0-windows7.0/win-x64": {
      "System.Speech": {
        "type": "Direct",
        "requested": "[11.0.0-preview.7.26381.103, )",
        "resolved": "11.0.0-preview.7.26381.103",
        "contentHash": "67XzcJGzpI/RVi9i27i+MCXMOvcl+S42YhL6KHbjv/exIXRW2WIVDSRwwBTU2Bchn7EqzDan5gxEo9JDi5OMgw=="
      }
    }
  }
}